
Microsoft Visual Studio Solution File, Format Version 12.00
# Visual Studio 15
VisualStudioVersion = 15.0.28010.2016
MinimumVisualStudioVersion = 10.0.40219.1
Project("{FAE04EC0-301F-11D3-BF4B-00C04F79EFBC}") = "CS-begin", "CS-begin\CS-begin.csproj", "{EB101A70-7BC4-4EB6-B6CE-5BC60BC41877}"
EndProject
Global
	GlobalSection(SolutionConfigurationPlatforms) = preSolution
		Debug|Any CPU = Debug|Any CPU
		Release|Any CPU = Release|Any CPU
	EndGlobalSection
	GlobalSection(ProjectConfigurationPlatforms) = postSolution
		{EB101A70-7BC4-4EB6-B6CE-5BC60BC41877}.Debug|Any CPU.ActiveCfg = Debug|Any CPU
		{EB101A70-7BC4-4EB6-B6CE-5BC60BC41877}.Debug|Any CPU.Build.0 = Debug|Any CPU
		{EB101A70-7BC4-4EB6-B6CE-5BC60BC41877}.Release|Any CPU.ActiveCfg = Release|Any CPU
		{EB101A70-7BC4-4EB6-B6CE-5BC60BC41877}.Release|Any CPU.Build.0 = Release|Any CPU
	EndGlobalSection
	GlobalSection(SolutionProperties) = preSolution
		HideSolutionNode = FALSE
	EndGlobalSection
	GlobalSection(ExtensibilityGlobals) = postSolution
		SolutionGuid = {B4C288CE-79F6-45EA-8CA0-6AEF74F7E26C}
	EndGlobalSection
EndGlobal
